
Microsoft Visual Studio Solution File, Format Version 12.00
# Visual Studio 15
VisualStudioVersion = 15.0.28307.539
MinimumVisualStudioVersion = 10.0.40219.1
Project("{FAE04EC0-301F-11D3-BF4B-00C04F79EFBC}") = "CozyCo", "CozyCo\CozyCo.csproj", "{672938DA-DE13-4337-B99E-3B7F670067E1}"
EndProject
Project("{FAE04EC0-301F-11D3-BF4B-00C04F79EFBC}") = "CozyCo.Model", "CozyCo.Models\CozyCo.Model.csproj", "{FA1C894B-671F-4646-AB95-D74376EF8C3A}"
EndProject
Global
	GlobalSection(SolutionConfigurationPlatforms) = preSolution
		Debug|Any CPU = Debug|Any CPU
		Release|Any CPU = Release|Any CPU
	EndGlobalSection
	GlobalSection(ProjectConfigurationPlatforms) = postSolution
		{672938DA-DE13-4337-B99E-3B7F670067E1}.Debug|Any CPU.ActiveCfg = Debug|Any CPU
		{672938DA-DE13-4337-B99E-3B7F670067E1}.Debug|Any CPU.Build.0 = Debug|Any CPU
		{672938DA-DE13-4337-B99E-3B7F670067E1}.Release|Any CPU.ActiveCfg = Release|Any CPU
		{672938DA-DE13-4337-B99E-3B7F670067E1}.Release|Any CPU.Build.0 = Release|Any CPU
		{FA1C894B-671F-4646-AB95-D74376EF8C3A}.Debug|Any CPU.ActiveCfg = Debug|Any CPU
		{FA1C894B-671F-4646-AB95-D74376EF8C3A}.Debug|Any CPU.Build.0 = Debug|Any CPU
		{FA1C894B-671F-4646-AB95-D74376EF8C3A}.Release|Any CPU.ActiveCfg = Release|Any CPU
		{FA1C894B-671F-4646-AB95-D74376EF8C3A}.Release|Any CPU.Build.0 = Release|Any CPU
	EndGlobalSection
	GlobalSection(SolutionProperties) = preSolution
		HideSolutionNode = FALSE
	EndGlobalSection
	GlobalSection(ExtensibilityGlobals) = postSolution
		SolutionGuid = {DB9FAD97-5ADC-460B-A4B8-FE7D162C1BD5}
	EndGlobalSection
EndGlobal
