
Microsoft Visual Studio Solution File, Format Version 12.00
# Visual Studio 15
VisualStudioVersion = 15.0.28307.539
MinimumVisualStudioVersion = 10.0.40219.1
Project("{9A19103F-16F7-4668-BE54-9A1E7A4F7556}") = "CozyCo.WebUI", "CozyCo\CozyCo.WebUI.csproj", "{672938DA-DE13-4337-B99E-3B7F670067E1}"
EndProject
Project("{9A19103F-16F7-4668-BE54-9A1E7A4F7556}") = "CozyCo.Domain", "CozyCo.Models\CozyCo.Domain.csproj", "{FA1C894B-671F-4646-AB95-D74376EF8C3A}"
EndProject
Project("{9A19103F-16F7-4668-BE54-9A1E7A4F7556}") = "CozyCo.Data", "CozyCo.Data\CozyCo.Data.csproj", "{D1F98052-29F5-4D04-B9A7-53421B2FF2B7}"
EndProject
Project("{FAE04EC0-301F-11D3-BF4B-00C04F79EFBC}") = "CozyCo.Service", "CozyCo.Service\CozyCo.Service.csproj", "{6FD1DCF3-49D1-41A0-9B8F-AD235A487A10}"
EndProject
Global
	GlobalSection(SolutionConfigurationPlatforms) = preSolution
		Debug|Any CPU = Debug|Any CPU
		Release|Any CPU = Release|Any CPU
	EndGlobalSection
	GlobalSection(ProjectConfigurationPlatforms) = postSolution
		{672938DA-DE13-4337-B99E-3B7F670067E1}.Debug|Any CPU.ActiveCfg = Debug|Any CPU
		{672938DA-DE13-4337-B99E-3B7F670067E1}.Debug|Any CPU.Build.0 = Debug|Any CPU
		{672938DA-DE13-4337-B99E-3B7F670067E1}.Release|Any CPU.ActiveCfg = Release|Any CPU
		{672938DA-DE13-4337-B99E-3B7F670067E1}.Release|Any CPU.Build.0 = Release|Any CPU
		{FA1C894B-671F-4646-AB95-D74376EF8C3A}.Debug|Any CPU.ActiveCfg = Debug|Any CPU
		{FA1C894B-671F-4646-AB95-D74376EF8C3A}.Debug|Any CPU.Build.0 = Debug|Any CPU
		{FA1C894B-671F-4646-AB95-D74376EF8C3A}.Release|Any CPU.ActiveCfg = Release|Any CPU
		{FA1C894B-671F-4646-AB95-D74376EF8C3A}.Release|Any CPU.Build.0 = Release|Any CPU
		{D1F98052-29F5-4D04-B9A7-53421B2FF2B7}.Debug|Any CPU.ActiveCfg = Debug|Any CPU
		{D1F98052-29F5-4D04-B9A7-53421B2FF2B7}.Debug|Any CPU.Build.0 = Debug|Any CPU
		{D1F98052-29F5-4D04-B9A7-53421B2FF2B7}.Release|Any CPU.ActiveCfg = Release|Any CPU
		{D1F98052-29F5-4D04-B9A7-53421B2FF2B7}.Release|Any CPU.Build.0 = Release|Any CPU
		{6FD1DCF3-49D1-41A0-9B8F-AD235A487A10}.Debug|Any CPU.ActiveCfg = Debug|Any CPU
		{6FD1DCF3-49D1-41A0-9B8F-AD235A487A10}.Debug|Any CPU.Build.0 = Debug|Any CPU
		{6FD1DCF3-49D1-41A0-9B8F-AD235A487A10}.Release|Any CPU.ActiveCfg = Release|Any CPU
		{6FD1DCF3-49D1-41A0-9B8F-AD235A487A10}.Release|Any CPU.Build.0 = Release|Any CPU
	EndGlobalSection
	GlobalSection(SolutionProperties) = preSolution
		HideSolutionNode = FALSE
	EndGlobalSection
	GlobalSection(ExtensibilityGlobals) = postSolution
		SolutionGuid = {DB9FAD97-5ADC-460B-A4B8-FE7D162C1BD5}
	EndGlobalSection
EndGlobal
